// !$*UTF8*$!
{
	archiveVersion = 1;
	classes = {
	};
	objectVersion = 56;
	objects = {

/* Begin PBXBuildFile section */
		470B0CB5293D7C7B0089681F /* AppDelegate.swift in Sources */ = {isa = PBXBuildFile; fileRef = 470B0CB4293D7C7B0089681F /* AppDelegate.swift */; };
		470B0CB7293D7C7B0089681F /* SceneDelegate.swift in Sources */ = {isa = PBXBuildFile; fileRef = 470B0CB6293D7C7B0089681F /* SceneDelegate.swift */; };
		470B0CB9293D7C7B0089681F /* ViewController.swift in Sources */ = {isa = PBXBuildFile; fileRef = 470B0CB8293D7C7B0089681F /* ViewController.swift */; };
		470B0CBC293D7C7B0089681F /* Main.storyboard in Resources */ = {isa = PBXBuildFile; fileRef = 470B0CBA293D7C7B0089681F /* Main.storyboard */; };
		470B0CBF293D7C7B0089681F /* Persistence_Data.xcdatamodeld in Sources */ = {isa = PBXBuildFile; fileRef = 470B0CBD293D7C7B0089681F /* Persistence_Data.xcdatamodeld */; };
		470B0CC1293D7C7D0089681F /* Assets.xcassets in Resources */ = {isa = PBXBuildFile; fileRef = 470B0CC0293D7C7D0089681F /* Assets.xcassets */; };
		470B0CC4293D7C7D0089681F /* LaunchScreen.storyboard in Resources */ = {isa = PBXBuildFile; fileRef = 470B0CC2293D7C7D0089681F /* LaunchScreen.storyboard */; };
/* End PBXBuildFile section */

/* Begin PBXFileReference section */
		470B0CB1293D7C7B0089681F /* Persistence Data.app */ = {isa = PBXFileReference; explicitFileType = wrapper.application; includeInIndex = 0; path = "Persistence Data.app"; sourceTree = BUILT_PRODUCTS_DIR; };
		470B0CB4293D7C7B0089681F /* AppDelegate.swift */ = {isa = PBXFileReference; lastKnownFileType = sourcecode.swift; path = AppDelegate.swift; sourceTree = "<group>"; };
		470B0CB6293D7C7B0089681F /* SceneDelegate.swift */ = {isa = PBXFileReference; lastKnownFileType = sourcecode.swift; path = SceneDelegate.swift; sourceTree = "<group>"; };
		470B0CB8293D7C7B0089681F /* ViewController.swift */ = {isa = PBXFileReference; lastKnownFileType = sourcecode.swift; path = ViewController.swift; sourceTree = "<group>"; };
		470B0CBB293D7C7B0089681F /* Base */ = {isa = PBXFileReference; lastKnownFileType = file.storyboard; name = Base; path = Base.lproj/Main.storyboard; sourceTree = "<group>"; };
		470B0CBE293D7C7B0089681F /* Persistence_Data.xcdatamodel */ = {isa = PBXFileReference; lastKnownFileType = wrapper.xcdatamodel; path = Persistence_Data.xcdatamodel; sourceTree = "<group>"; };
		470B0CC0293D7C7D0089681F /* Assets.xcassets */ = {isa = PBXFileReference; lastKnownFileType = folder.assetcatalog; path = Assets.xcassets; sourceTree = "<group>"; };
		470B0CC3293D7C7D0089681F /* Base */ = {isa = PBXFileReference; lastKnownFileType = file.storyboard; name = Base; path = Base.lproj/LaunchScreen.storyboard; sourceTree = "<group>"; };
		470B0CC5293D7C7D0089681F /* Info.plist */ = {isa = PBXFileReference; lastKnownFileType = text.plist.xml; path = Info.plist; sourceTree = "<group>"; };
/* End PBXFileReference section */

/* Begin PBXFrameworksBuildPhase section */
		470B0CAE293D7C7B0089681F /* Frameworks */ = {
			isa = PBXFrameworksBuildPhase;
			buildActionMask = 2147483647;
			files = (
			);
			runOnlyForDeploymentPostprocessing = 0;
		};
/* End PBXFrameworksBuildPhase section */

/* Begin PBXGroup section */
		470B0CA8293D7C7B0089681F = {
			isa = PBXGroup;
			children = (
				470B0CB3293D7C7B0089681F /* Persistence Data */,
				470B0CB2293D7C7B0089681F /* Products */,
			);
			sourceTree = "<group>";
		};
		470B0CB2293D7C7B0089681F /* Products */ = {
			isa = PBXGroup;
			children = (
				470B0CB1293D7C7B0089681F /* Persistence Data.app */,
			);
			name = Products;
			sourceTree = "<group>";
		};
		470B0CB3293D7C7B0089681F /* Persistence Data */ = {
			isa = PBXGroup;
			children = (
				470B0CB4293D7C7B0089681F /* AppDelegate.swift */,
				470B0CB6293D7C7B0089681F /* SceneDelegate.swift */,
				470B0CB8293D7C7B0089681F /* ViewController.swift */,
				470B0CBA293D7C7B0089681F /* Main.storyboard */,
				470B0CC0293D7C7D0089681F /* Assets.xcassets */,
				470B0CC2293D7C7D0089681F /* LaunchScreen.storyboard */,
				470B0CC5293D7C7D0089681F /* Info.plist */,
				470B0CBD293D7C7B0089681F /* Persistence_Data.xcdatamodeld */,
			);
			path = "Persistence Data";
			sourceTree = "<group>";
		};
/* End PBXGroup section */

/* Begin PBXNativeTarget section */
		470B0CB0293D7C7B0089681F /* Persistence Data */ = {
			isa = PBXNativeTarget;
			buildConfigurationList = 470B0CC8293D7C7D0089681F /* Build configuration list for PBXNativeTarget "Persistence Data" */;
			buildPhases = (
				470B0CAD293D7C7B0089681F /* Sources */,
				470B0CAE293D7C7B0089681F /* Frameworks */,
				470B0CAF293D7C7B0089681F /* Resources */,
			);
			buildRules = (
			);
			dependencies = (
			);
			name = "Persistence Data";
			productName = "Persistence Data";
			productReference = 470B0CB1293D7C7B0089681F /* Persistence Data.app */;
			productType = "com.apple.product-type.application";
		};
/* End PBXNativeTarget section */

/* Begin PBXProject section */
		470B0CA9293D7C7B0089681F /* Project object */ = {
			isa = PBXProject;
			attributes = {
				BuildIndependentTargetsInParallel = 1;
				LastSwiftUpdateCheck = 1410;
				LastUpgradeCheck = 1410;
				TargetAttributes = {
					470B0CB0293D7C7B0089681F = {
						CreatedOnToolsVersion = 14.1;
					};
				};
			};
			buildConfigurationList = 470B0CAC293D7C7B0089681F /* Build configuration list for PBXProject "Persistence Data" */;
			compatibilityVersion = "Xcode 14.0";
			developmentRegion = en;
			hasScannedForEncodings = 0;
			knownRegions = (
				en,
				Base,
			);
			mainGroup = 470B0CA8293D7C7B0089681F;
			productRefGroup = 470B0CB2293D7C7B0089681F /* Products */;
			projectDirPath = "";
			projectRoot = "";
			targets = (
				470B0CB0293D7C7B0089681F /* Persistence Data */,
			);
		};
/* End PBXProject section */

/* Begin PBXResourcesBuildPhase section */
		470B0CAF293D7C7B0089681F /* Resources */ = {
			isa = PBXResourcesBuildPhase;
			buildActionMask = 2147483647;
			files = (
				470B0CC4293D7C7D0089681F /* LaunchScreen.storyboard in Resources */,
				470B0CC1293D7C7D0089681F /* Assets.xcassets in Resources */,
				470B0CBC293D7C7B0089681F /* Main.storyboard in Resources */,
			);
			runOnlyForDeploymentPostprocessing = 0;
		};
/* End PBXResourcesBuildPhase section */

/* Begin PBXSourcesBuildPhase section */
		470B0CAD293D7C7B0089681F /* Sources */ = {
			isa = PBXSourcesBuildPhase;
			buildActionMask = 2147483647;
			files = (
				470B0CB9293D7C7B0089681F /* ViewController.swift in Sources */,
				470B0CB5293D7C7B0089681F /* AppDelegate.swift in Sources */,
				470B0CB7293D7C7B0089681F /* SceneDelegate.swift in Sources */,
				470B0CBF293D7C7B0089681F /* Persistence_Data.xcdatamodeld in Sources */,
			);
			runOnlyForDeploymentPostprocessing = 0;
		};
/* End PBXSourcesBuildPhase section */

/* Begin PBXVariantGroup section */
		470B0CBA293D7C7B0089681F /* Main.storyboard */ = {
			isa = PBXVariantGroup;
			children = (
				470B0CBB293D7C7B0089681F /* Base */,
			);
			name = Main.storyboard;
			sourceTree = "<group>";
		};
		470B0CC2293D7C7D0089681F /* LaunchScreen.storyboard */ = {
			isa = PBXVariantGroup;
			children = (
				470B0CC3293D7C7D0089681F /* Base */,
			);
			name = LaunchScreen.storyboard;
			sourceTree = "<group>";
		};
/* End PBXVariantGroup section */

/* Begin XCBuildConfiguration section */
		470B0CC6293D7C7D0089681F /* Debug */ = {
			isa = XCBuildConfiguration;
			buildSettings = {
				ALWAYS_SEARCH_USER_PATHS = NO;
				CLANG_ANALYZER_NONNULL = YES;
				CLANG_ANALYZER_NUMBER_OBJECT_CONVERSION = YES_AGGRESSIVE;
				CLANG_CXX_LANGUAGE_STANDARD = "gnu++20";
				CLANG_ENABLE_MODULES = YES;
				CLANG_ENABLE_OBJC_ARC = YES;
				CLANG_ENABLE_OBJC_WEAK = YES;
				CLANG_WARN_BLOCK_CAPTURE_AUTORELEASING = YES;
				CLANG_WARN_BOOL_CONVERSION = YES;
				CLANG_WARN_COMMA = YES;
				CLANG_WARN_CONSTANT_CONVERSION = YES;
				CLANG_WARN_DEPRECATED_OBJC_IMPLEMENTATIONS = YES;
				CLANG_WARN_DIRECT_OBJC_ISA_USAGE = YES_ERROR;
				CLANG_WARN_DOCUMENTATION_COMMENTS = YES;
				CLANG_WARN_EMPTY_BODY = YES;
				CLANG_WARN_ENUM_CONVERSION = YES;
				CLANG_WARN_INFINITE_RECURSION = YES;
				CLANG_WARN_INT_CONVERSION = YES;
				CLANG_WARN_NON_LITERAL_NULL_CONVERSION = YES;
				CLANG_WARN_OBJC_IMPLICIT_RETAIN_SELF = YES;
				CLANG_WARN_OBJC_LITERAL_CONVERSION = YES;
				CLANG_WARN_OBJC_ROOT_CLASS = YES_ERROR;
				CLANG_WARN_QUOTED_INCLUDE_IN_FRAMEWORK_HEADER = YES;
				CLANG_WARN_RANGE_LOOP_ANALYSIS = YES;
				CLANG_WARN_STRICT_PROTOTYPES = YES;
				CLANG_WARN_SUSPICIOUS_MOVE = YES;
				CLANG_WARN_UNGUARDED_AVAILABILITY = YES_AGGRESSIVE;
				CLANG_WARN_UNREACHABLE_CODE = YES;
				CLANG_WARN__DUPLICATE_METHOD_MATCH = YES;
				COPY_PHASE_STRIP = NO;
				DEBUG_INFORMATION_FORMAT = dwarf;
				ENABLE_STRICT_OBJC_MSGSEND = YES;
				ENABLE_TESTABILITY = YES;
				GCC_C_LANGUAGE_STANDARD = gnu11;
				GCC_DYNAMIC_NO_PIC = NO;
				GCC_NO_COMMON_BLOCKS = YES;
				GCC_OPTIMIZATION_LEVEL = 0;
				GCC_PREPROCESSOR_DEFINITIONS = (
					"DEBUG=1",
					"$(inherited)",
				);
				GCC_WARN_64_TO_32_BIT_CONVERSION = YES;
				GCC_WARN_ABOUT_RETURN_TYPE = YES_ERROR;
				GCC_WARN_UNDECLARED_SELECTOR = YES;
				GCC_WARN_UNINITIALIZED_AUTOS = YES_AGGRESSIVE;
				GCC_WARN_UNUSED_FUNCTION = YES;
				GCC_WARN_UNUSED_VARIABLE = YES;
				IPHONEOS_DEPLOYMENT_TARGET = 16.1;
				MTL_ENABLE_DEBUG_INFO = INCLUDE_SOURCE;
				MTL_FAST_MATH = YES;
				ONLY_ACTIVE_ARCH = YES;
				SDKROOT = iphoneos;
				SWIFT_ACTIVE_COMPILATION_CONDITIONS = DEBUG;
				SWIFT_OPTIMIZATION_LEVEL = "-Onone";
			};
			name = Debug;
		};
		470B0CC7293D7C7D0089681F /* Release */ = {
			isa = XCBuildConfiguration;
			buildSettings = {
				ALWAYS_SEARCH_USER_PATHS = NO;
				CLANG_ANALYZER_NONNULL = YES;
				CLANG_ANALYZER_NUMBER_OBJECT_CONVERSION = YES_AGGRESSIVE;
				CLANG_CXX_LANGUAGE_STANDARD = "gnu++20";
				CLANG_ENABLE_MODULES = YES;
				CLANG_ENABLE_OBJC_ARC = YES;
				CLANG_ENABLE_OBJC_WEAK = YES;
				CLANG_WARN_BLOCK_CAPTURE_AUTORELEASING = YES;
				CLANG_WARN_BOOL_CONVERSION = YES;
				CLANG_WARN_COMMA = YES;
				CLANG_WARN_CONSTANT_CONVERSION = YES;
				CLANG_WARN_DEPRECATED_OBJC_IMPLEMENTATIONS = YES;
				CLANG_WARN_DIRECT_OBJC_ISA_USAGE = YES_ERROR;
				CLANG_WARN_DOCUMENTATION_COMMENTS = YES;
				CLANG_WARN_EMPTY_BODY = YES;
				CLANG_WARN_ENUM_CONVERSION = YES;
				CLANG_WARN_INFINITE_RECURSION = YES;
				CLANG_WARN_INT_CONVERSION = YES;
				CLANG_WARN_NON_LITERAL_NULL_CONVERSION = YES;
				CLANG_WARN_OBJC_IMPLICIT_RETAIN_SELF = YES;
				CLANG_WARN_OBJC_LITERAL_CONVERSION = YES;
				CLANG_WARN_OBJC_ROOT_CLASS = YES_ERROR;
				CLANG_WARN_QUOTED_INCLUDE_IN_FRAMEWORK_HEADER = YES;
				CLANG_WARN_RANGE_LOOP_ANALYSIS = YES;
				CLANG_WARN_STRICT_PROTOTYPES = YES;
				CLANG_WARN_SUSPICIOUS_MOVE = YES;
				CLANG_WARN_UNGUARDED_AVAILABILITY = YES_AGGRESSIVE;
				CLANG_WARN_UNREACHABLE_CODE = YES;
				CLANG_WARN__DUPLICATE_METHOD_MATCH = YES;
				COPY_PHASE_STRIP = NO;
				DEBUG_INFORMATION_FORMAT = "dwarf-with-dsym";
				ENABLE_NS_ASSERTIONS = NO;
				ENABLE_STRICT_OBJC_MSGSEND = YES;
				GCC_C_LANGUAGE_STANDARD = gnu11;
				GCC_NO_COMMON_BLOCKS = YES;
				GCC_WARN_64_TO_32_BIT_CONVERSION = YES;
				GCC_WARN_ABOUT_RETURN_TYPE = YES_ERROR;
				GCC_WARN_UNDECLARED_SELECTOR = YES;
				GCC_WARN_UNINITIALIZED_AUTOS = YES_AGGRESSIVE;
				GCC_WARN_UNUSED_FUNCTION = YES;
				GCC_WARN_UNUSED_VARIABLE = YES;
				IPHONEOS_DEPLOYMENT_TARGET = 16.1;
				MTL_ENABLE_DEBUG_INFO = NO;
				MTL_FAST_MATH = YES;
				SDKROOT = iphoneos;
				SWIFT_COMPILATION_MODE = wholemodule;
				SWIFT_OPTIMIZATION_LEVEL = "-O";
				VALIDATE_PRODUCT = YES;
			};
			name = Release;
		};
		470B0CC9293D7C7D0089681F /* Debug */ = {
			isa = XCBuildConfiguration;
			buildSettings = {
				ASSETCATALOG_COMPILER_APPICON_NAME = AppIcon;
				ASSETCATALOG_COMPILER_GLOBAL_ACCENT_COLOR_NAME = AccentColor;
				CODE_SIGN_STYLE = Automatic;
				CURRENT_PROJECT_VERSION = 1;
				GENERATE_INFOPLIST_FILE = YES;
				INFOPLIST_FILE = "Persistence Data/Info.plist";
				INFOPLIST_KEY_UIApplicationSupportsIndirectInputEvents = YES;
				INFOPLIST_KEY_UILaunchStoryboardName = LaunchScreen;
				INFOPLIST_KEY_UIMainStoryboardFile = Main;
				INFOPLIST_KEY_UISupportedInterfaceOrientations_iPad = "UIInterfaceOrientationPortrait UIInterfaceOrientationPortraitUpsideDown UIInterfaceOrientationLandscapeLeft UIInterfaceOrientationLandscapeRight";
				INFOPLIST_KEY_UISupportedInterfaceOrientations_iPhone = "UIInterfaceOrientationPortrait UIInterfaceOrientationLandscapeLeft UIInterfaceOrientationLandscapeRight";
				LD_RUNPATH_SEARCH_PATHS = (
					"$(inherited)",
					"@executable_path/Frameworks",
				);
				MARKETING_VERSION = 1.0;
				PRODUCT_BUNDLE_IDENTIFIER = "id.ac.binus.Persistence-Data";
				PRODUCT_NAME = "$(TARGET_NAME)";
				SWIFT_EMIT_LOC_STRINGS = YES;
				SWIFT_VERSION = 5.0;
				TARGETED_DEVICE_FAMILY = "1,2";
			};
			name = Debug;
		};
		470B0CCA293D7C7D0089681F /* Release */ = {
			isa = XCBuildConfiguration;
			buildSettings = {
				ASSETCATALOG_COMPILER_APPICON_NAME = AppIcon;
				ASSETCATALOG_COMPILER_GLOBAL_ACCENT_COLOR_NAME = AccentColor;
				CODE_SIGN_STYLE = Automatic;
				CURRENT_PROJECT_VERSION = 1;
				GENERATE_INFOPLIST_FILE = YES;
				INFOPLIST_FILE = "Persistence Data/Info.plist";
				INFOPLIST_KEY_UIApplicationSupportsIndirectInputEvents = YES;
				INFOPLIST_KEY_UILaunchStoryboardName = LaunchScreen;
				INFOPLIST_KEY_UIMainStoryboardFile = Main;
				INFOPLIST_KEY_UISupportedInterfaceOrientations_iPad = "UIInterfaceOrientationPortrait UIInterfaceOrientationPortraitUpsideDown UIInterfaceOrientationLandscapeLeft UIInterfaceOrientationLandscapeRight";
				INFOPLIST_KEY_UISupportedInterfaceOrientations_iPhone = "UIInterfaceOrientationPortrait UIInterfaceOrientationLandscapeLeft UIInterfaceOrientationLandscapeRight";
				LD_RUNPATH_SEARCH_PATHS = (
					"$(inherited)",
					"@executable_path/Frameworks",
				);
				MARKETING_VERSION = 1.0;
				PRODUCT_BUNDLE_IDENTIFIER = "id.ac.binus.Persistence-Data";
				PRODUCT_NAME = "$(TARGET_NAME)";
				SWIFT_EMIT_LOC_STRINGS = YES;
				SWIFT_VERSION = 5.0;
				TARGETED_DEVICE_FAMILY = "1,2";
			};
			name = Release;
		};
/* End XCBuildConfiguration section */

/* Begin XCConfigurationList section */
		470B0CAC293D7C7B0089681F /* Build configuration list for PBXProject "Persistence Data" */ = {
			isa = XCConfigurationList;
			buildConfigurations = (
				470B0CC6293D7C7D0089681F /* Debug */,
				470B0CC7293D7C7D0089681F /* Release */,
			);
			defaultConfigurationIsVisible = 0;
			defaultConfigurationName = Release;
		};
		470B0CC8293D7C7D0089681F /* Build configuration list for PBXNativeTarget "Persistence Data" */ = {
			isa = XCConfigurationList;
			buildConfigurations = (
				470B0CC9293D7C7D0089681F /* Debug */,
				470B0CCA293D7C7D0089681F /* Release */,
			);
			defaultConfigurationIsVisible = 0;
			defaultConfigurationName = Release;
		};
/* End XCConfigurationList section */

/* Begin XCVersionGroup section */
		470B0CBD293D7C7B0089681F /* Persistence_Data.xcdatamodeld */ = {
			isa = XCVersionGroup;
			children = (
				470B0CBE293D7C7B0089681F /* Persistence_Data.xcdatamodel */,
			);
			currentVersion = 470B0CBE293D7C7B0089681F /* Persistence_Data.xcdatamodel */;
			path = Persistence_Data.xcdatamodeld;
			sourceTree = "<group>";
			versionGroupType = wrapper.xcdatamodel;
		};
/* End XCVersionGroup section */
	};
	rootObject = 470B0CA9293D7C7B0089681F /* Project object */;
}
